
Microsoft Visual Studio Solution File, Format Version 12.00
# Visual Studio Version 17
VisualStudioVersion = 17.2.32516.85
MinimumVisualStudioVersion = 10.0.40219.1
Project("{FAE04EC0-301F-11D3-BF4B-00C04F79EFBC}") = "manukhin20.Android", "manukhin20\manukhin20.Android\manukhin20.Android.csproj", "{532CB92E-4F9E-487A-BA03-11EB7902D0AE}"
EndProject
Project("{FAE04EC0-301F-11D3-BF4B-00C04F79EFBC}") = "manukhin20.iOS", "manukhin20\manukhin20.iOS\manukhin20.iOS.csproj", "{1E0AFC2F-9678-449F-9670-0A6C52E9853B}"
EndProject
Project("{FAE04EC0-301F-11D3-BF4B-00C04F79EFBC}") = "manukhin20", "manukhin20\manukhin20\manukhin20.csproj", "{90326673-6EB2-4F4C-9833-3A3CCC0A0D04}"
EndProject
Global
	GlobalSection(SolutionConfigurationPlatforms) = preSolution
		Debug|Any CPU = Debug|Any CPU
		Debug|iPhone = Debug|iPhone
		Debug|iPhoneSimulator = Debug|iPhoneSimulator
		Release|Any CPU = Release|Any CPU
		Release|iPhone = Release|iPhone
		Release|iPhoneSimulator = Release|iPhoneSimulator
	EndGlobalSection
	GlobalSection(ProjectConfigurationPlatforms) = postSolution
		{532CB92E-4F9E-487A-BA03-11EB7902D0AE}.Debug|Any CPU.ActiveCfg = Debug|Any CPU
		{532CB92E-4F9E-487A-BA03-11EB7902D0AE}.Debug|Any CPU.Build.0 = Debug|Any CPU
		{532CB92E-4F9E-487A-BA03-11EB7902D0AE}.Debug|Any CPU.Deploy.0 = Debug|Any CPU
		{532CB92E-4F9E-487A-BA03-11EB7902D0AE}.Debug|iPhone.ActiveCfg = Debug|Any CPU
		{532CB92E-4F9E-487A-BA03-11EB7902D0AE}.Debug|iPhone.Build.0 = Debug|Any CPU
		{532CB92E-4F9E-487A-BA03-11EB7902D0AE}.Debug|iPhone.Deploy.0 = Debug|Any CPU
		{532CB92E-4F9E-487A-BA03-11EB7902D0AE}.Debug|iPhoneSimulator.ActiveCfg = Debug|Any CPU
		{532CB92E-4F9E-487A-BA03-11EB7902D0AE}.Debug|iPhoneSimulator.Build.0 = Debug|Any CPU
		{532CB92E-4F9E-487A-BA03-11EB7902D0AE}.Debug|iPhoneSimulator.Deploy.0 = Debug|Any CPU
		{532CB92E-4F9E-487A-BA03-11EB7902D0AE}.Release|Any CPU.ActiveCfg = Release|Any CPU
		{532CB92E-4F9E-487A-BA03-11EB7902D0AE}.Release|Any CPU.Build.0 = Release|Any CPU
		{532CB92E-4F9E-487A-BA03-11EB7902D0AE}.Release|Any CPU.Deploy.0 = Release|Any CPU
		{532CB92E-4F9E-487A-BA03-11EB7902D0AE}.Release|iPhone.ActiveCfg = Release|Any CPU
		{532CB92E-4F9E-487A-BA03-11EB7902D0AE}.Release|iPhone.Build.0 = Release|Any CPU
		{532CB92E-4F9E-487A-BA03-11EB7902D0AE}.Release|iPhone.Deploy.0 = Release|Any CPU
		{532CB92E-4F9E-487A-BA03-11EB7902D0AE}.Release|iPhoneSimulator.ActiveCfg = Release|Any CPU
		{532CB92E-4F9E-487A-BA03-11EB7902D0AE}.Release|iPhoneSimulator.Build.0 = Release|Any CPU
		{532CB92E-4F9E-487A-BA03-11EB7902D0AE}.Release|iPhoneSimulator.Deploy.0 = Release|Any CPU
		{1E0AFC2F-9678-449F-9670-0A6C52E9853B}.Debug|Any CPU.ActiveCfg = Debug|iPhone
		{1E0AFC2F-9678-449F-9670-0A6C52E9853B}.Debug|Any CPU.Build.0 = Debug|iPhone
		{1E0AFC2F-9678-449F-9670-0A6C52E9853B}.Debug|Any CPU.Deploy.0 = Debug|iPhone
		{1E0AFC2F-9678-449F-9670-0A6C52E9853B}.Debug|iPhone.ActiveCfg = Debug|iPhone
		{1E0AFC2F-9678-449F-9670-0A6C52E9853B}.Debug|iPhone.Build.0 = Debug|iPhone
		{1E0AFC2F-9678-449F-9670-0A6C52E9853B}.Debug|iPhone.Deploy.0 = Debug|iPhone
		{1E0AFC2F-9678-449F-9670-0A6C52E9853B}.Debug|iPhoneSimulator.ActiveCfg = Debug|iPhoneSimulator
		{1E0AFC2F-9678-449F-9670-0A6C52E9853B}.Debug|iPhoneSimulator.Build.0 = Debug|iPhoneSimulator
		{1E0AFC2F-9678-449F-9670-0A6C52E9853B}.Debug|iPhoneSimulator.Deploy.0 = Debug|iPhoneSimulator
		{1E0AFC2F-9678-449F-9670-0A6C52E9853B}.Release|Any CPU.ActiveCfg = Release|iPhoneSimulator
		{1E0AFC2F-9678-449F-9670-0A6C52E9853B}.Release|Any CPU.Build.0 = Release|iPhoneSimulator
		{1E0AFC2F-9678-449F-9670-0A6C52E9853B}.Release|Any CPU.Deploy.0 = Release|iPhoneSimulator
		{1E0AFC2F-9678-449F-9670-0A6C52E9853B}.Release|iPhone.ActiveCfg = Release|iPhone
		{1E0AFC2F-9678-449F-9670-0A6C52E9853B}.Release|iPhone.Build.0 = Release|iPhone
		{1E0AFC2F-9678-449F-9670-0A6C52E9853B}.Release|iPhone.Deploy.0 = Release|iPhone
		{1E0AFC2F-9678-449F-9670-0A6C52E9853B}.Release|iPhoneSimulator.ActiveCfg = Release|iPhoneSimulator
		{1E0AFC2F-9678-449F-9670-0A6C52E9853B}.Release|iPhoneSimulator.Build.0 = Release|iPhoneSimulator
		{1E0AFC2F-9678-449F-9670-0A6C52E9853B}.Release|iPhoneSimulator.Deploy.0 = Release|iPhoneSimulator
		{90326673-6EB2-4F4C-9833-3A3CCC0A0D04}.Debug|Any CPU.ActiveCfg = Debug|Any CPU
		{90326673-6EB2-4F4C-9833-3A3CCC0A0D04}.Debug|Any CPU.Build.0 = Debug|Any CPU
		{90326673-6EB2-4F4C-9833-3A3CCC0A0D04}.Debug|Any CPU.Deploy.0 = Debug|Any CPU
		{90326673-6EB2-4F4C-9833-3A3CCC0A0D04}.Debug|iPhone.ActiveCfg = Debug|Any CPU
		{90326673-6EB2-4F4C-9833-3A3CCC0A0D04}.Debug|iPhone.Build.0 = Debug|Any CPU
		{90326673-6EB2-4F4C-9833-3A3CCC0A0D04}.Debug|iPhone.Deploy.0 = Debug|Any CPU
		{90326673-6EB2-4F4C-9833-3A3CCC0A0D04}.Debug|iPhoneSimulator.ActiveCfg = Debug|Any CPU
		{90326673-6EB2-4F4C-9833-3A3CCC0A0D04}.Debug|iPhoneSimulator.Build.0 = Debug|Any CPU
		{90326673-6EB2-4F4C-9833-3A3CCC0A0D04}.Debug|iPhoneSimulator.Deploy.0 = Debug|Any CPU
		{90326673-6EB2-4F4C-9833-3A3CCC0A0D04}.Release|Any CPU.ActiveCfg = Release|Any CPU
		{90326673-6EB2-4F4C-9833-3A3CCC0A0D04}.Release|Any CPU.Build.0 = Release|Any CPU
		{90326673-6EB2-4F4C-9833-3A3CCC0A0D04}.Release|Any CPU.Deploy.0 = Release|Any CPU
		{90326673-6EB2-4F4C-9833-3A3CCC0A0D04}.Release|iPhone.ActiveCfg = Release|Any CPU
		{90326673-6EB2-4F4C-9833-3A3CCC0A0D04}.Release|iPhone.Build.0 = Release|Any CPU
		{90326673-6EB2-4F4C-9833-3A3CCC0A0D04}.Release|iPhone.Deploy.0 = Release|Any CPU
		{90326673-6EB2-4F4C-9833-3A3CCC0A0D04}.Release|iPhoneSimulator.ActiveCfg = Release|Any CPU
		{90326673-6EB2-4F4C-9833-3A3CCC0A0D04}.Release|iPhoneSimulator.Build.0 = Release|Any CPU
		{90326673-6EB2-4F4C-9833-3A3CCC0A0D04}.Release|iPhoneSimulator.Deploy.0 = Release|Any CPU
	EndGlobalSection
	GlobalSection(SolutionProperties) = preSolution
		HideSolutionNode = FALSE
	EndGlobalSection
	GlobalSection(ExtensibilityGlobals) = postSolution
		SolutionGuid = {3BEA2FCC-CED3-4A80-9CFB-8201D521D0F2}
	EndGlobalSection
EndGlobal
